<?xml version="1.0" encoding="utf-8"?>
<Project ToolsVersion="4.0" xmlns="http://schemas.microsoft.com/developer/msbuild/2003">
  <ItemGroup>
    <Filter Include="Source Files">
      <UniqueIdentifier>{4FC737F1-C7A5-4376-A066-2A32D752A2FF}</UniqueIdentifier>
      <Extensions>cpp;c;cc;cxx;c++;def;odl;idl;hpj;bat;asm;asmx</Extensions>
    </Filter>
    <Filter Include="Header Files">
      <UniqueIdentifier>{93995380-89BD-4b04-88EB-625FBE52EBFB}</UniqueIdentifier>
      <Extensions>h;hh;hpp;hxx;h++;hm;inl;inc;ipp;xsd</Extensions>
    </Filter>
    <Filter Include="Resource Files">
      <UniqueIdentifier>{67DA6AB6-F800-4c08-8B7A-83BB121AAD01}</UniqueIdentifier>
      <Extensions>rc;ico;cur;bmp;dlg;rc2;rct;bin;rgs;gif;jpg;jpeg;jpe;resx;tiff;tif;png;wav;mfcribbon-ms</Extensions>
    </Filter>
    <Filter Include="Header Files\Allocators">
      <UniqueIdentifier>{5e6928f9-8874-4f59-b507-3f1dca02d518}</UniqueIdentifier>
    </Filter>
    <Filter Include="Header Files\Logger">
      <UniqueIdentifier>{30417911-bc3a-483a-8396-bd3b91d55c4a}</UniqueIdentifier>
    </Filter>
    <Filter Include="Source Files\Logger">
      <UniqueIdentifier>{021cb4e2-cf0e-41cb-8db6-11bdf6dc7c35}</UniqueIdentifier>
    </Filter>
    <Filter Include="Header Files\CURL">
      <UniqueIdentifier>{43a497e8-f56e-4afe-94b0-d4e930c49657}</UniqueIdentifier>
    </Filter>
    <Filter Include="Source Files\CURL">
      <UniqueIdentifier>{7120a7d3-bd7d-4ad0-9e02-5772124c814c}</UniqueIdentifier>
    </Filter>
    <Filter Include="Source Files\Allocators">
      <UniqueIdentifier>{d6e92079-25b2-4640-8b88-237e0c18e4e8}</UniqueIdentifier>
    </Filter>
    <Filter Include="Header Files\Time">
      <UniqueIdentifier>{071eb79c-764f-4e95-b685-5cb2628733b0}</UniqueIdentifier>
    </Filter>
    <Filter Include="Source Files\Time">
      <UniqueIdentifier>{c29d7664-f3c1-4548-8b4b-e745e6c84b85}</UniqueIdentifier>
    </Filter>
    <Filter Include="Header Files\Serializer">
      <UniqueIdentifier>{00d99371-d627-4056-b1e8-a78f97f65351}</UniqueIdentifier>
    </Filter>
    <Filter Include="Header Files\Timer">
      <UniqueIdentifier>{1df2f266-05ad-4fb6-87d1-f9e7d8db2390}</UniqueIdentifier>
    </Filter>
    <Filter Include="Source Files\Timer">
      <UniqueIdentifier>{09ee78de-3139-4bfb-9585-7d0460a591b8}</UniqueIdentifier>
    </Filter>
    <Filter Include="Header Files\Sockets">
      <UniqueIdentifier>{d9cdef3b-0547-4fb6-991e-30d373ab1444}</UniqueIdentifier>
    </Filter>
    <Filter Include="Header Files\Server">
      <UniqueIdentifier>{2ae18870-6c95-4f4e-bd35-4e1891fbe47e}</UniqueIdentifier>
    </Filter>
    <Filter Include="Source Files\Socket">
      <UniqueIdentifier>{15d25c52-bae1-4a93-8b12-794469f943dc}</UniqueIdentifier>
    </Filter>
  </ItemGroup>
  <ItemGroup>
    <ClInclude Include="include\buStdHeaders.h">
      <Filter>Header Files</Filter>
    </ClInclude>
    <ClInclude Include="include\buString.h">
      <Filter>Header Files</Filter>
    </ClInclude>
    <ClInclude Include="include\buPlatformMath.h">
      <Filter>Header Files</Filter>
    </ClInclude>
    <ClInclude Include="include\buVector2I.h">
      <Filter>Header Files</Filter>
    </ClInclude>
    <ClInclude Include="include\buVector2F.h">
      <Filter>Header Files</Filter>
    </ClInclude>
    <ClInclude Include="include\buVector3I.h">
      <Filter>Header Files</Filter>
    </ClInclude>
    <ClInclude Include="include\buVector3F.h">
      <Filter>Header Files</Filter>
    </ClInclude>
    <ClInclude Include="include\buMath.h">
      <Filter>Header Files</Filter>
    </ClInclude>
    <ClInclude Include="include\buPlane.h">
      <Filter>Header Files</Filter>
    </ClInclude>
    <ClInclude Include="include\buVector4I.h">
      <Filter>Header Files</Filter>
    </ClInclude>
    <ClInclude Include="include\buMatrix4x4.h">
      <Filter>Header Files</Filter>
    </ClInclude>
    <ClInclude Include="include\buQuaternion.h">
      <Filter>Header Files</Filter>
    </ClInclude>
    <ClInclude Include="include\buRay.h">
      <Filter>Header Files</Filter>
    </ClInclude>
    <ClInclude Include="include\buBox.h">
      <Filter>Header Files</Filter>
    </ClInclude>
    <ClInclude Include="include\buSphere.h">
      <Filter>Header Files</Filter>
    </ClInclude>
    <ClInclude Include="include\buModule.h">
      <Filter>Header Files</Filter>
    </ClInclude>
    <ClInclude Include="include\buDegrees.h">
      <Filter>Header Files</Filter>
    </ClInclude>
    <ClInclude Include="include\buRadians.h">
      <Filter>Header Files</Filter>
    </ClInclude>
    <ClInclude Include="include\buRectangle.h">
      <Filter>Header Files</Filter>
    </ClInclude>
    <ClInclude Include="include\buVector4F.h">
      <Filter>Header Files</Filter>
    </ClInclude>
    <ClInclude Include="include\buPluggin.h">
      <Filter>Header Files</Filter>
    </ClInclude>
    <ClInclude Include="include\buPlatformDefines.h">
      <Filter>Header Files</Filter>
    </ClInclude>
    <ClInclude Include="include\buPlatformTypes.h">
      <Filter>Header Files</Filter>
    </ClInclude>
    <ClInclude Include="include\buPrerequisitesUtil.h">
      <Filter>Header Files</Filter>
    </ClInclude>
    <ClInclude Include="include\buFrustrum.h">
      <Filter>Header Files</Filter>
    </ClInclude>
    <ClInclude Include="include\buNumLimits.h">
      <Filter>Header Files</Filter>
    </ClInclude>
    <ClInclude Include="include\buMatrix3x3.h">
      <Filter>Header Files</Filter>
    </ClInclude>
    <ClInclude Include="include\buLogger.h">
      <Filter>Header Files\Logger</Filter>
    </ClInclude>
    <ClInclude Include="include\buCurl.h">
      <Filter>Header Files\CURL</Filter>
    </ClInclude>
    <ClInclude Include="include\buHeap.h">
      <Filter>Header Files\Allocators</Filter>
    </ClInclude>
    <ClInclude Include="include\buTime.h">
      <Filter>Header Files\Time</Filter>
    </ClInclude>
    <ClInclude Include="include\buSerializer.h">
      <Filter>Header Files\Serializer</Filter>
    </ClInclude>
    <ClInclude Include="include\buTimer.h">
      <Filter>Header Files\Timer</Filter>
    </ClInclude>
    <ClInclude Include="include\buSocket.h">
      <Filter>Header Files\Sockets</Filter>
    </ClInclude>
  </ItemGroup>
  <ItemGroup>
    <ClCompile Include="src\buPlatformMath.cpp">
      <Filter>Source Files</Filter>
    </ClCompile>
    <ClCompile Include="src\buVector2I.cpp">
      <Filter>Source Files</Filter>
    </ClCompile>
    <ClCompile Include="include\Source.cpp">
      <Filter>Source Files</Filter>
    </ClCompile>
    <ClCompile Include="src\buVector2F.cpp">
      <Filter>Source Files</Filter>
    </ClCompile>
    <ClCompile Include="src\buVector3I.cpp">
      <Filter>Source Files</Filter>
    </ClCompile>
    <ClCompile Include="src\buVector3F.cpp">
      <Filter>Source Files</Filter>
    </ClCompile>
    <ClCompile Include="src\buVector4I.cpp">
      <Filter>Source Files</Filter>
    </ClCompile>
    <ClCompile Include="src\buVector4F.cpp">
      <Filter>Source Files</Filter>
    </ClCompile>
    <ClCompile Include="src\buMath.cpp">
      <Filter>Source Files</Filter>
    </ClCompile>
    <ClCompile Include="src\buPlane.cpp">
      <Filter>Source Files</Filter>
    </ClCompile>
    <ClCompile Include="src\buMatrix4x4.cpp">
      <Filter>Source Files</Filter>
    </ClCompile>
    <ClCompile Include="src\buQuaternion .cpp">
      <Filter>Source Files</Filter>
    </ClCompile>
    <ClCompile Include="src\buRay.cpp">
      <Filter>Source Files</Filter>
    </ClCompile>
    <ClCompile Include="src\buBox.cpp">
      <Filter>Source Files</Filter>
    </ClCompile>
    <ClCompile Include="src\buSphere.cpp">
      <Filter>Source Files</Filter>
    </ClCompile>
    <ClCompile Include="src\buDegrees.cpp">
      <Filter>Source Files</Filter>
    </ClCompile>
    <ClCompile Include="src\buRadians.cpp">
      <Filter>Source Files</Filter>
    </ClCompile>
    <ClCompile Include="src\buRectangle.cpp">
      <Filter>Source Files</Filter>
    </ClCompile>
    <ClCompile Include="src\buFrustrum.cpp">
      <Filter>Source Files</Filter>
    </ClCompile>
    <ClCompile Include="src\buNumLimits.cpp">
      <Filter>Source Files</Filter>
    </ClCompile>
    <ClCompile Include="src\buMatrix3x3.cpp">
      <Filter>Source Files</Filter>
    </ClCompile>
    <ClCompile Include="src\buLogger.cpp">
      <Filter>Source Files\Logger</Filter>
    </ClCompile>
    <ClCompile Include="src\buCurl.cpp">
      <Filter>Source Files\CURL</Filter>
    </ClCompile>
    <ClCompile Include="src\buHeap.cpp">
      <Filter>Source Files\Allocators</Filter>
    </ClCompile>
    <ClCompile Include="src\buTime.cpp">
      <Filter>Source Files\Time</Filter>
    </ClCompile>
    <ClCompile Include="src\buTimer.cpp">
      <Filter>Source Files\Timer</Filter>
    </ClCompile>
    <ClCompile Include="src\buSocket.cpp">
      <Filter>Source Files\Socket</Filter>
    </ClCompile>
  </ItemGroup>
</Project>